
Microsoft Visual Studio Solution File, Format Version 12.00
# Visual Studio 2012
Project("{FAE04EC0-301F-11D3-BF4B-00C04F79EFBC}") = "HotTowel1", "HotTowel1\HotTowel1.csproj", "{1C78105F-4891-4838-AC83-C3F57CEE3AAE}"
EndProject
Global
	GlobalSection(SolutionConfigurationPlatforms) = preSolution
		Debug|Any CPU = Debug|Any CPU
		Release|Any CPU = Release|Any CPU
	EndGlobalSection
	GlobalSection(ProjectConfigurationPlatforms) = postSolution
		{1C78105F-4891-4838-AC83-C3F57CEE3AAE}.Debug|Any CPU.ActiveCfg = Debug|Any CPU
		{1C78105F-4891-4838-AC83-C3F57CEE3AAE}.Debug|Any CPU.Build.0 = Debug|Any CPU
		{1C78105F-4891-4838-AC83-C3F57CEE3AAE}.Release|Any CPU.ActiveCfg = Release|Any CPU
		{1C78105F-4891-4838-AC83-C3F57CEE3AAE}.Release|Any CPU.Build.0 = Release|Any CPU
	EndGlobalSection
	GlobalSection(SolutionProperties) = preSolution
		HideSolutionNode = FALSE
	EndGlobalSection
EndGlobal
